// !$*UTF8*$!
{
	archiveVersion = 1;
	classes = {
	};
	objectVersion = 48;
	objects = {

/* Begin PBXBuildFile section */
		07B9D026204E29DA00885D35 /* AppDelegate.m in Sources */ = {isa = PBXBuildFile; fileRef = 07B9D025204E29DA00885D35 /* AppDelegate.m */; };
		07B9D029204E29DA00885D35 /* ViewController.m in Sources */ = {isa = PBXBuildFile; fileRef = 07B9D028204E29DA00885D35 /* ViewController.m */; };
		07B9D02C204E29DA00885D35 /* Main.storyboard in Resources */ = {isa = PBXBuildFile; fileRef = 07B9D02A204E29DA00885D35 /* Main.storyboard */; };
		07B9D02E204E29DA00885D35 /* Assets.xcassets in Resources */ = {isa = PBXBuildFile; fileRef = 07B9D02D204E29DA00885D35 /* Assets.xcassets */; };
		07B9D031204E29DA00885D35 /* LaunchScreen.storyboard in Resources */ = {isa = PBXBuildFile; fileRef = 07B9D02F204E29DA00885D35 /* LaunchScreen.storyboard */; };
		07B9D034204E29DA00885D35 /* main.m in Sources */ = {isa = PBXBuildFile; fileRef = 07B9D033204E29DA00885D35 /* main.m */; };
		07B9D03E204E29DA00885D35 /* HYCListenTests.m in Sources */ = {isa = PBXBuildFile; fileRef = 07B9D03D204E29DA00885D35 /* HYCListenTests.m */; };
		07B9D049204E29DA00885D35 /* HYCListenUITests.m in Sources */ = {isa = PBXBuildFile; fileRef = 07B9D048204E29DA00885D35 /* HYCListenUITests.m */; };
		07B9D058204E2A0600885D35 /* NSObject+HYCListen.m in Sources */ = {isa = PBXBuildFile; fileRef = 07B9D057204E2A0600885D35 /* NSObject+HYCListen.m */; };
/* End PBXBuildFile section */

/* Begin PBXContainerItemProxy section */
		07B9D03A204E29DA00885D35 /* PBXContainerItemProxy */ = {
			isa = PBXContainerItemProxy;
			containerPortal = 07B9D019204E29DA00885D35 /* Project object */;
			proxyType = 1;
			remoteGlobalIDString = 07B9D020204E29DA00885D35;
			remoteInfo = HYCListen;
		};
		07B9D045204E29DA00885D35 /* PBXContainerItemProxy */ = {
			isa = PBXContainerItemProxy;
			containerPortal = 07B9D019204E29DA00885D35 /* Project object */;
			proxyType = 1;
			remoteGlobalIDString = 07B9D020204E29DA00885D35;
			remoteInfo = HYCListen;
		};
/* End PBXContainerItemProxy section */

/* Begin PBXFileReference section */
		07B9D021204E29DA00885D35 /* HYCListen.app */ = {isa = PBXFileReference; explicitFileType = wrapper.application; includeInIndex = 0; path = HYCListen.app; sourceTree = BUILT_PRODUCTS_DIR; };
		07B9D024204E29DA00885D35 /* AppDelegate.h */ = {isa = PBXFileReference; lastKnownFileType = sourcecode.c.h; path = AppDelegate.h; sourceTree = "<group>"; };
		07B9D025204E29DA00885D35 /* AppDelegate.m */ = {isa = PBXFileReference; lastKnownFileType = sourcecode.c.objc; path = AppDelegate.m; sourceTree = "<group>"; };
		07B9D027204E29DA00885D35 /* ViewController.h */ = {isa = PBXFileReference; lastKnownFileType = sourcecode.c.h; path = ViewController.h; sourceTree = "<group>"; };
		07B9D028204E29DA00885D35 /* ViewController.m */ = {isa = PBXFileReference; lastKnownFileType = sourcecode.c.objc; path = ViewController.m; sourceTree = "<group>"; };
		07B9D02B204E29DA00885D35 /* Base */ = {isa = PBXFileReference; lastKnownFileType = file.storyboard; name = Base; path = Base.lproj/Main.storyboard; sourceTree = "<group>"; };
		07B9D02D204E29DA00885D35 /* Assets.xcassets */ = {isa = PBXFileReference; lastKnownFileType = folder.assetcatalog; path = Assets.xcassets; sourceTree = "<group>"; };
		07B9D030204E29DA00885D35 /* Base */ = {isa = PBXFileReference; lastKnownFileType = file.storyboard; name = Base; path = Base.lproj/LaunchScreen.storyboard; sourceTree = "<group>"; };
		07B9D032204E29DA00885D35 /* Info.plist */ = {isa = PBXFileReference; lastKnownFileType = text.plist.xml; path = Info.plist; sourceTree = "<group>"; };
		07B9D033204E29DA00885D35 /* main.m */ = {isa = PBXFileReference; lastKnownFileType = sourcecode.c.objc; path = main.m; sourceTree = "<group>"; };
		07B9D039204E29DA00885D35 /* HYCListenTests.xctest */ = {isa = PBXFileReference; explicitFileType = wrapper.cfbundle; includeInIndex = 0; path = HYCListenTests.xctest; sourceTree = BUILT_PRODUCTS_DIR; };
		07B9D03D204E29DA00885D35 /* HYCListenTests.m */ = {isa = PBXFileReference; lastKnownFileType = sourcecode.c.objc; path = HYCListenTests.m; sourceTree = "<group>"; };
		07B9D03F204E29DA00885D35 /* Info.plist */ = {isa = PBXFileReference; lastKnownFileType = text.plist.xml; path = Info.plist; sourceTree = "<group>"; };
		07B9D044204E29DA00885D35 /* HYCListenUITests.xctest */ = {isa = PBXFileReference; explicitFileType = wrapper.cfbundle; includeInIndex = 0; path = HYCListenUITests.xctest; sourceTree = BUILT_PRODUCTS_DIR; };
		07B9D048204E29DA00885D35 /* HYCListenUITests.m */ = {isa = PBXFileReference; lastKnownFileType = sourcecode.c.objc; path = HYCListenUITests.m; sourceTree = "<group>"; };
		07B9D04A204E29DA00885D35 /* Info.plist */ = {isa = PBXFileReference; lastKnownFileType = text.plist.xml; path = Info.plist; sourceTree = "<group>"; };
		07B9D056204E2A0600885D35 /* NSObject+HYCListen.h */ = {isa = PBXFileReference; lastKnownFileType = sourcecode.c.h; path = "NSObject+HYCListen.h"; sourceTree = "<group>"; };
		07B9D057204E2A0600885D35 /* NSObject+HYCListen.m */ = {isa = PBXFileReference; lastKnownFileType = sourcecode.c.objc; path = "NSObject+HYCListen.m"; sourceTree = "<group>"; };
/* End PBXFileReference section */

/* Begin PBXFrameworksBuildPhase section */
		07B9D01E204E29DA00885D35 /* Frameworks */ = {
			isa = PBXFrameworksBuildPhase;
			buildActionMask = 2147483647;
			files = (
			);
			runOnlyForDeploymentPostprocessing = 0;
		};
		07B9D036204E29DA00885D35 /* Frameworks */ = {
			isa = PBXFrameworksBuildPhase;
			buildActionMask = 2147483647;
			files = (
			);
			runOnlyForDeploymentPostprocessing = 0;
		};
		07B9D041204E29DA00885D35 /* Frameworks */ = {
			isa = PBXFrameworksBuildPhase;
			buildActionMask = 2147483647;
			files = (
			);
			runOnlyForDeploymentPostprocessing = 0;
		};
/* End PBXFrameworksBuildPhase section */

/* Begin PBXGroup section */
		07B9D018204E29DA00885D35 = {
			isa = PBXGroup;
			children = (
				07B9D023204E29DA00885D35 /* HYCListen */,
				07B9D03C204E29DA00885D35 /* HYCListenTests */,
				07B9D047204E29DA00885D35 /* HYCListenUITests */,
				07B9D022204E29DA00885D35 /* Products */,
			);
			sourceTree = "<group>";
		};
		07B9D022204E29DA00885D35 /* Products */ = {
			isa = PBXGroup;
			children = (
				07B9D021204E29DA00885D35 /* HYCListen.app */,
				07B9D039204E29DA00885D35 /* HYCListenTests.xctest */,
				07B9D044204E29DA00885D35 /* HYCListenUITests.xctest */,
			);
			name = Products;
			sourceTree = "<group>";
		};
		07B9D023204E29DA00885D35 /* HYCListen */ = {
			isa = PBXGroup;
			children = (
				07B9D059204E2A1100885D35 /* Category */,
				07B9D024204E29DA00885D35 /* AppDelegate.h */,
				07B9D025204E29DA00885D35 /* AppDelegate.m */,
				07B9D027204E29DA00885D35 /* ViewController.h */,
				07B9D028204E29DA00885D35 /* ViewController.m */,
				07B9D02A204E29DA00885D35 /* Main.storyboard */,
				07B9D02D204E29DA00885D35 /* Assets.xcassets */,
				07B9D02F204E29DA00885D35 /* LaunchScreen.storyboard */,
				07B9D032204E29DA00885D35 /* Info.plist */,
				07B9D033204E29DA00885D35 /* main.m */,
			);
			path = HYCListen;
			sourceTree = "<group>";
		};
		07B9D03C204E29DA00885D35 /* HYCListenTests */ = {
			isa = PBXGroup;
			children = (
				07B9D03D204E29DA00885D35 /* HYCListenTests.m */,
				07B9D03F204E29DA00885D35 /* Info.plist */,
			);
			path = HYCListenTests;
			sourceTree = "<group>";
		};
		07B9D047204E29DA00885D35 /* HYCListenUITests */ = {
			isa = PBXGroup;
			children = (
				07B9D048204E29DA00885D35 /* HYCListenUITests.m */,
				07B9D04A204E29DA00885D35 /* Info.plist */,
			);
			path = HYCListenUITests;
			sourceTree = "<group>";
		};
		07B9D059204E2A1100885D35 /* Category */ = {
			isa = PBXGroup;
			children = (
				07B9D056204E2A0600885D35 /* NSObject+HYCListen.h */,
				07B9D057204E2A0600885D35 /* NSObject+HYCListen.m */,
			);
			path = Category;
			sourceTree = "<group>";
		};
/* End PBXGroup section */

/* Begin PBXNativeTarget section */
		07B9D020204E29DA00885D35 /* HYCListen */ = {
			isa = PBXNativeTarget;
			buildConfigurationList = 07B9D04D204E29DA00885D35 /* Build configuration list for PBXNativeTarget "HYCListen" */;
			buildPhases = (
				07B9D01D204E29DA00885D35 /* Sources */,
				07B9D01E204E29DA00885D35 /* Frameworks */,
				07B9D01F204E29DA00885D35 /* Resources */,
			);
			buildRules = (
			);
			dependencies = (
			);
			name = HYCListen;
			productName = HYCListen;
			productReference = 07B9D021204E29DA00885D35 /* HYCListen.app */;
			productType = "com.apple.product-type.application";
		};
		07B9D038204E29DA00885D35 /* HYCListenTests */ = {
			isa = PBXNativeTarget;
			buildConfigurationList = 07B9D050204E29DA00885D35 /* Build configuration list for PBXNativeTarget "HYCListenTests" */;
			buildPhases = (
				07B9D035204E29DA00885D35 /* Sources */,
				07B9D036204E29DA00885D35 /* Frameworks */,
				07B9D037204E29DA00885D35 /* Resources */,
			);
			buildRules = (
			);
			dependencies = (
				07B9D03B204E29DA00885D35 /* PBXTargetDependency */,
			);
			name = HYCListenTests;
			productName = HYCListenTests;
			productReference = 07B9D039204E29DA00885D35 /* HYCListenTests.xctest */;
			productType = "com.apple.product-type.bundle.unit-test";
		};
		07B9D043204E29DA00885D35 /* HYCListenUITests */ = {
			isa = PBXNativeTarget;
			buildConfigurationList = 07B9D053204E29DA00885D35 /* Build configuration list for PBXNativeTarget "HYCListenUITests" */;
			buildPhases = (
				07B9D040204E29DA00885D35 /* Sources */,
				07B9D041204E29DA00885D35 /* Frameworks */,
				07B9D042204E29DA00885D35 /* Resources */,
			);
			buildRules = (
			);
			dependencies = (
				07B9D046204E29DA00885D35 /* PBXTargetDependency */,
			);
			name = HYCListenUITests;
			productName = HYCListenUITests;
			productReference = 07B9D044204E29DA00885D35 /* HYCListenUITests.xctest */;
			productType = "com.apple.product-type.bundle.ui-testing";
		};
/* End PBXNativeTarget section */

/* Begin PBXProject section */
		07B9D019204E29DA00885D35 /* Project object */ = {
			isa = PBXProject;
			attributes = {
				LastUpgradeCheck = 0900;
				ORGANIZATIONNAME = eric;
				TargetAttributes = {
					07B9D020204E29DA00885D35 = {
						CreatedOnToolsVersion = 9.0;
						ProvisioningStyle = Automatic;
					};
					07B9D038204E29DA00885D35 = {
						CreatedOnToolsVersion = 9.0;
						ProvisioningStyle = Automatic;
						TestTargetID = 07B9D020204E29DA00885D35;
					};
					07B9D043204E29DA00885D35 = {
						CreatedOnToolsVersion = 9.0;
						ProvisioningStyle = Automatic;
						TestTargetID = 07B9D020204E29DA00885D35;
					};
				};
			};
			buildConfigurationList = 07B9D01C204E29DA00885D35 /* Build configuration list for PBXProject "HYCListen" */;
			compatibilityVersion = "Xcode 8.0";
			developmentRegion = en;
			hasScannedForEncodings = 0;
			knownRegions = (
				en,
				Base,
			);
			mainGroup = 07B9D018204E29DA00885D35;
			productRefGroup = 07B9D022204E29DA00885D35 /* Products */;
			projectDirPath = "";
			projectRoot = "";
			targets = (
				07B9D020204E29DA00885D35 /* HYCListen */,
				07B9D038204E29DA00885D35 /* HYCListenTests */,
				07B9D043204E29DA00885D35 /* HYCListenUITests */,
			);
		};
/* End PBXProject section */

/* Begin PBXResourcesBuildPhase section */
		07B9D01F204E29DA00885D35 /* Resources */ = {
			isa = PBXResourcesBuildPhase;
			buildActionMask = 2147483647;
			files = (
				07B9D031204E29DA00885D35 /* LaunchScreen.storyboard in Resources */,
				07B9D02E204E29DA00885D35 /* Assets.xcassets in Resources */,
				07B9D02C204E29DA00885D35 /* Main.storyboard in Resources */,
			);
			runOnlyForDeploymentPostprocessing = 0;
		};
		07B9D037204E29DA00885D35 /* Resources */ = {
			isa = PBXResourcesBuildPhase;
			buildActionMask = 2147483647;
			files = (
			);
			runOnlyForDeploymentPostprocessing = 0;
		};
		07B9D042204E29DA00885D35 /* Resources */ = {
			isa = PBXResourcesBuildPhase;
			buildActionMask = 2147483647;
			files = (
			);
			runOnlyForDeploymentPostprocessing = 0;
		};
/* End PBXResourcesBuildPhase section */

/* Begin PBXSourcesBuildPhase section */
		07B9D01D204E29DA00885D35 /* Sources */ = {
			isa = PBXSourcesBuildPhase;
			buildActionMask = 2147483647;
			files = (
				07B9D029204E29DA00885D35 /* ViewController.m in Sources */,
				07B9D058204E2A0600885D35 /* NSObject+HYCListen.m in Sources */,
				07B9D034204E29DA00885D35 /* main.m in Sources */,
				07B9D026204E29DA00885D35 /* AppDelegate.m in Sources */,
			);
			runOnlyForDeploymentPostprocessing = 0;
		};
		07B9D035204E29DA00885D35 /* Sources */ = {
			isa = PBXSourcesBuildPhase;
			buildActionMask = 2147483647;
			files = (
				07B9D03E204E29DA00885D35 /* HYCListenTests.m in Sources */,
			);
			runOnlyForDeploymentPostprocessing = 0;
		};
		07B9D040204E29DA00885D35 /* Sources */ = {
			isa = PBXSourcesBuildPhase;
			buildActionMask = 2147483647;
			files = (
				07B9D049204E29DA00885D35 /* HYCListenUITests.m in Sources */,
			);
			runOnlyForDeploymentPostprocessing = 0;
		};
/* End PBXSourcesBuildPhase section */

/* Begin PBXTargetDependency section */
		07B9D03B204E29DA00885D35 /* PBXTargetDependency */ = {
			isa = PBXTargetDependency;
			target = 07B9D020204E29DA00885D35 /* HYCListen */;
			targetProxy = 07B9D03A204E29DA00885D35 /* PBXContainerItemProxy */;
		};
		07B9D046204E29DA00885D35 /* PBXTargetDependency */ = {
			isa = PBXTargetDependency;
			target = 07B9D020204E29DA00885D35 /* HYCListen */;
			targetProxy = 07B9D045204E29DA00885D35 /* PBXContainerItemProxy */;
		};
/* End PBXTargetDependency section */

/* Begin PBXVariantGroup section */
		07B9D02A204E29DA00885D35 /* Main.storyboard */ = {
			isa = PBXVariantGroup;
			children = (
				07B9D02B204E29DA00885D35 /* Base */,
			);
			name = Main.storyboard;
			sourceTree = "<group>";
		};
		07B9D02F204E29DA00885D35 /* LaunchScreen.storyboard */ = {
			isa = PBXVariantGroup;
			children = (
				07B9D030204E29DA00885D35 /* Base */,
			);
			name = LaunchScreen.storyboard;
			sourceTree = "<group>";
		};
/* End PBXVariantGroup section */

/* Begin XCBuildConfiguration section */
		07B9D04B204E29DA00885D35 /* Debug */ = {
			isa = XCBuildConfiguration;
			buildSettings = {
				ALWAYS_SEARCH_USER_PATHS = NO;
				CLANG_ANALYZER_NONNULL = YES;
				CLANG_ANALYZER_NUMBER_OBJECT_CONVERSION = YES_AGGRESSIVE;
				CLANG_CXX_LANGUAGE_STANDARD = "gnu++14";
				CLANG_CXX_LIBRARY = "libc++";
				CLANG_ENABLE_MODULES = YES;
				CLANG_ENABLE_OBJC_ARC = YES;
				CLANG_WARN_BLOCK_CAPTURE_AUTORELEASING = YES;
				CLANG_WARN_BOOL_CONVERSION = YES;
				CLANG_WARN_COMMA = YES;
				CLANG_WARN_CONSTANT_CONVERSION = YES;
				CLANG_WARN_DIRECT_OBJC_ISA_USAGE = YES_ERROR;
				CLANG_WARN_DOCUMENTATION_COMMENTS = YES;
				CLANG_WARN_EMPTY_BODY = YES;
				CLANG_WARN_ENUM_CONVERSION = YES;
				CLANG_WARN_INFINITE_RECURSION = YES;
				CLANG_WARN_INT_CONVERSION = YES;
				CLANG_WARN_NON_LITERAL_NULL_CONVERSION = YES;
				CLANG_WARN_OBJC_LITERAL_CONVERSION = YES;
				CLANG_WARN_OBJC_ROOT_CLASS = YES_ERROR;
				CLANG_WARN_RANGE_LOOP_ANALYSIS = YES;
				CLANG_WARN_STRICT_PROTOTYPES = YES;
				CLANG_WARN_SUSPICIOUS_MOVE = YES;
				CLANG_WARN_UNGUARDED_AVAILABILITY = YES_AGGRESSIVE;
				CLANG_WARN_UNREACHABLE_CODE = YES;
				CLANG_WARN__DUPLICATE_METHOD_MATCH = YES;
				CODE_SIGN_IDENTITY = "iPhone Developer";
				COPY_PHASE_STRIP = NO;
				DEBUG_INFORMATION_FORMAT = dwarf;
				ENABLE_STRICT_OBJC_MSGSEND = YES;
				ENABLE_TESTABILITY = YES;
				GCC_C_LANGUAGE_STANDARD = gnu11;
				GCC_DYNAMIC_NO_PIC = NO;
				GCC_NO_COMMON_BLOCKS = YES;
				GCC_OPTIMIZATION_LEVEL = 0;
				GCC_PREPROCESSOR_DEFINITIONS = (
					"DEBUG=1",
					"$(inherited)",
				);
				GCC_WARN_64_TO_32_BIT_CONVERSION = YES;
				GCC_WARN_ABOUT_RETURN_TYPE = YES_ERROR;
				GCC_WARN_UNDECLARED_SELECTOR = YES;
				GCC_WARN_UNINITIALIZED_AUTOS = YES_AGGRESSIVE;
				GCC_WARN_UNUSED_FUNCTION = YES;
				GCC_WARN_UNUSED_VARIABLE = YES;
				IPHONEOS_DEPLOYMENT_TARGET = 11.0;
				MTL_ENABLE_DEBUG_INFO = YES;
				ONLY_ACTIVE_ARCH = YES;
				SDKROOT = iphoneos;
			};
			name = Debug;
		};
		07B9D04C204E29DA00885D35 /* Release */ = {
			isa = XCBuildConfiguration;
			buildSettings = {
				ALWAYS_SEARCH_USER_PATHS = NO;
				CLANG_ANALYZER_NONNULL = YES;
				CLANG_ANALYZER_NUMBER_OBJECT_CONVERSION = YES_AGGRESSIVE;
				CLANG_CXX_LANGUAGE_STANDARD = "gnu++14";
				CLANG_CXX_LIBRARY = "libc++";
				CLANG_ENABLE_MODULES = YES;
				CLANG_ENABLE_OBJC_ARC = YES;
				CLANG_WARN_BLOCK_CAPTURE_AUTORELEASING = YES;
				CLANG_WARN_BOOL_CONVERSION = YES;
				CLANG_WARN_COMMA = YES;
				CLANG_WARN_CONSTANT_CONVERSION = YES;
				CLANG_WARN_DIRECT_OBJC_ISA_USAGE = YES_ERROR;
				CLANG_WARN_DOCUMENTATION_COMMENTS = YES;
				CLANG_WARN_EMPTY_BODY = YES;
				CLANG_WARN_ENUM_CONVERSION = YES;
				CLANG_WARN_INFINITE_RECURSION = YES;
				CLANG_WARN_INT_CONVERSION = YES;
				CLANG_WARN_NON_LITERAL_NULL_CONVERSION = YES;
				CLANG_WARN_OBJC_LITERAL_CONVERSION = YES;
				CLANG_WARN_OBJC_ROOT_CLASS = YES_ERROR;
				CLANG_WARN_RANGE_LOOP_ANALYSIS = YES;
				CLANG_WARN_STRICT_PROTOTYPES = YES;
				CLANG_WARN_SUSPICIOUS_MOVE = YES;
				CLANG_WARN_UNGUARDED_AVAILABILITY = YES_AGGRESSIVE;
				CLANG_WARN_UNREACHABLE_CODE = YES;
				CLANG_WARN__DUPLICATE_METHOD_MATCH = YES;
				CODE_SIGN_IDENTITY = "iPhone Developer";
				COPY_PHASE_STRIP = NO;
				DEBUG_INFORMATION_FORMAT = "dwarf-with-dsym";
				ENABLE_NS_ASSERTIONS = NO;
				ENABLE_STRICT_OBJC_MSGSEND = YES;
				GCC_C_LANGUAGE_STANDARD = gnu11;
				GCC_NO_COMMON_BLOCKS = YES;
				GCC_WARN_64_TO_32_BIT_CONVERSION = YES;
				GCC_WARN_ABOUT_RETURN_TYPE = YES_ERROR;
				GCC_WARN_UNDECLARED_SELECTOR = YES;
				GCC_WARN_UNINITIALIZED_AUTOS = YES_AGGRESSIVE;
				GCC_WARN_UNUSED_FUNCTION = YES;
				GCC_WARN_UNUSED_VARIABLE = YES;
				IPHONEOS_DEPLOYMENT_TARGET = 11.0;
				MTL_ENABLE_DEBUG_INFO = NO;
				SDKROOT = iphoneos;
				VALIDATE_PRODUCT = YES;
			};
			name = Release;
		};
		07B9D04E204E29DA00885D35 /* Debug */ = {
			isa = XCBuildConfiguration;
			buildSettings = {
				ASSETCATALOG_COMPILER_APPICON_NAME = AppIcon;
				CODE_SIGN_STYLE = Automatic;
				DEVELOPMENT_TEAM = XAZ7977TF4;
				INFOPLIST_FILE = HYCListen/Info.plist;
				LD_RUNPATH_SEARCH_PATHS = "$(inherited) @executable_path/Frameworks";
				PRODUCT_BUNDLE_IDENTIFIER = com.eric.HYCListen;
				PRODUCT_NAME = "$(TARGET_NAME)";
				TARGETED_DEVICE_FAMILY = "1,2";
			};
			name = Debug;
		};
		07B9D04F204E29DA00885D35 /* Release */ = {
			isa = XCBuildConfiguration;
			buildSettings = {
				ASSETCATALOG_COMPILER_APPICON_NAME = AppIcon;
				CODE_SIGN_STYLE = Automatic;
				DEVELOPMENT_TEAM = XAZ7977TF4;
				INFOPLIST_FILE = HYCListen/Info.plist;
				LD_RUNPATH_SEARCH_PATHS = "$(inherited) @executable_path/Frameworks";
				PRODUCT_BUNDLE_IDENTIFIER = com.eric.HYCListen;
				PRODUCT_NAME = "$(TARGET_NAME)";
				TARGETED_DEVICE_FAMILY = "1,2";
			};
			name = Release;
		};
		07B9D051204E29DA00885D35 /* Debug */ = {
			isa = XCBuildConfiguration;
			buildSettings = {
				BUNDLE_LOADER = "$(TEST_HOST)";
				CODE_SIGN_STYLE = Automatic;
				DEVELOPMENT_TEAM = XAZ7977TF4;
				INFOPLIST_FILE = HYCListenTests/Info.plist;
				LD_RUNPATH_SEARCH_PATHS = "$(inherited) @executable_path/Frameworks @loader_path/Frameworks";
				PRODUCT_BUNDLE_IDENTIFIER = com.eric.HYCListenTests;
				PRODUCT_NAME = "$(TARGET_NAME)";
				TARGETED_DEVICE_FAMILY = "1,2";
				TEST_HOST = "$(BUILT_PRODUCTS_DIR)/HYCListen.app/HYCListen";
			};
			name = Debug;
		};
		07B9D052204E29DA00885D35 /* Release */ = {
			isa = XCBuildConfiguration;
			buildSettings = {
				BUNDLE_LOADER = "$(TEST_HOST)";
				CODE_SIGN_STYLE = Automatic;
				DEVELOPMENT_TEAM = XAZ7977TF4;
				INFOPLIST_FILE = HYCListenTests/Info.plist;
				LD_RUNPATH_SEARCH_PATHS = "$(inherited) @executable_path/Frameworks @loader_path/Frameworks";
				PRODUCT_BUNDLE_IDENTIFIER = com.eric.HYCListenTests;
				PRODUCT_NAME = "$(TARGET_NAME)";
				TARGETED_DEVICE_FAMILY = "1,2";
				TEST_HOST = "$(BUILT_PRODUCTS_DIR)/HYCListen.app/HYCListen";
			};
			name = Release;
		};
		07B9D054204E29DA00885D35 /* Debug */ = {
			isa = XCBuildConfiguration;
			buildSettings = {
				CODE_SIGN_STYLE = Automatic;
				DEVELOPMENT_TEAM = XAZ7977TF4;
				INFOPLIST_FILE = HYCListenUITests/Info.plist;
				LD_RUNPATH_SEARCH_PATHS = "$(inherited) @executable_path/Frameworks @loader_path/Frameworks";
				PRODUCT_BUNDLE_IDENTIFIER = com.eric.HYCListenUITests;
				PRODUCT_NAME = "$(TARGET_NAME)";
				TARGETED_DEVICE_FAMILY = "1,2";
				TEST_TARGET_NAME = HYCListen;
			};
			name = Debug;
		};
		07B9D055204E29DA00885D35 /* Release */ = {
			isa = XCBuildConfiguration;
			buildSettings = {
				CODE_SIGN_STYLE = Automatic;
				DEVELOPMENT_TEAM = XAZ7977TF4;
				INFOPLIST_FILE = HYCListenUITests/Info.plist;
				LD_RUNPATH_SEARCH_PATHS = "$(inherited) @executable_path/Frameworks @loader_path/Frameworks";
				PRODUCT_BUNDLE_IDENTIFIER = com.eric.HYCListenUITests;
				PRODUCT_NAME = "$(TARGET_NAME)";
				TARGETED_DEVICE_FAMILY = "1,2";
				TEST_TARGET_NAME = HYCListen;
			};
			name = Release;
		};
/* End XCBuildConfiguration section */

/* Begin XCConfigurationList section */
		07B9D01C204E29DA00885D35 /* Build configuration list for PBXProject "HYCListen" */ = {
			isa = XCConfigurationList;
			buildConfigurations = (
				07B9D04B204E29DA00885D35 /* Debug */,
				07B9D04C204E29DA00885D35 /* Release */,
			);
			defaultConfigurationIsVisible = 0;
			defaultConfigurationName = Release;
		};
		07B9D04D204E29DA00885D35 /* Build configuration list for PBXNativeTarget "HYCListen" */ = {
			isa = XCConfigurationList;
			buildConfigurations = (
				07B9D04E204E29DA00885D35 /* Debug */,
				07B9D04F204E29DA00885D35 /* Release */,
			);
			defaultConfigurationIsVisible = 0;
			defaultConfigurationName = Release;
		};
		07B9D050204E29DA00885D35 /* Build configuration list for PBXNativeTarget "HYCListenTests" */ = {
			isa = XCConfigurationList;
			buildConfigurations = (
				07B9D051204E29DA00885D35 /* Debug */,
				07B9D052204E29DA00885D35 /* Release */,
			);
			defaultConfigurationIsVisible = 0;
			defaultConfigurationName = Release;
		};
		07B9D053204E29DA00885D35 /* Build configuration list for PBXNativeTarget "HYCListenUITests" */ = {
			isa = XCConfigurationList;
			buildConfigurations = (
				07B9D054204E29DA00885D35 /* Debug */,
				07B9D055204E29DA00885D35 /* Release */,
			);
			defaultConfigurationIsVisible = 0;
			defaultConfigurationName = Release;
		};
/* End XCConfigurationList section */
	};
	rootObject = 07B9D019204E29DA00885D35 /* Project object */;
}
